
Microsoft Visual Studio Solution File, Format Version 12.00
# Visual Studio Version 16
VisualStudioVersion = 16.0.30330.147
MinimumVisualStudioVersion = 10.0.40219.1
Project("{FAE04EC0-301F-11D3-BF4B-00C04F79EFBC}") = "TestBlog", "TestBlog\TestBlog.csproj", "{7AC3FBDC-6E48-4173-A65F-C6E689EEFA50}"
EndProject
Global
	GlobalSection(SolutionConfigurationPlatforms) = preSolution
		Debug|Any CPU = Debug|Any CPU
		Release|Any CPU = Release|Any CPU
	EndGlobalSection
	GlobalSection(ProjectConfigurationPlatforms) = postSolution
		{7AC3FBDC-6E48-4173-A65F-C6E689EEFA50}.Debug|Any CPU.ActiveCfg = Debug|Any CPU
		{7AC3FBDC-6E48-4173-A65F-C6E689EEFA50}.Debug|Any CPU.Build.0 = Debug|Any CPU
		{7AC3FBDC-6E48-4173-A65F-C6E689EEFA50}.Release|Any CPU.ActiveCfg = Release|Any CPU
		{7AC3FBDC-6E48-4173-A65F-C6E689EEFA50}.Release|Any CPU.Build.0 = Release|Any CPU
	EndGlobalSection
	GlobalSection(SolutionProperties) = preSolution
		HideSolutionNode = FALSE
	EndGlobalSection
	GlobalSection(ExtensibilityGlobals) = postSolution
		SolutionGuid = {C640061B-07E0-4755-845A-AE46804C3347}
	EndGlobalSection
EndGlobal
